
Microsoft Visual Studio Solution File, Format Version 12.00
# Visual Studio Version 17
VisualStudioVersion = 17.1.32328.378
MinimumVisualStudioVersion = 10.0.40219.1
Project("{FAE04EC0-301F-11D3-BF4B-00C04F79EFBC}") = "SurveyManagerApi", "SurveyManagerApi\SurveyManagerApi.csproj", "{B3DB1C16-D85E-458B-9F95-2944BCEEE1CD}"
EndProject
Global
	GlobalSection(SolutionConfigurationPlatforms) = preSolution
		Debug|Any CPU = Debug|Any CPU
		Release|Any CPU = Release|Any CPU
	EndGlobalSection
	GlobalSection(ProjectConfigurationPlatforms) = postSolution
		{B3DB1C16-D85E-458B-9F95-2944BCEEE1CD}.Debug|Any CPU.ActiveCfg = Debug|Any CPU
		{B3DB1C16-D85E-458B-9F95-2944BCEEE1CD}.Debug|Any CPU.Build.0 = Debug|Any CPU
		{B3DB1C16-D85E-458B-9F95-2944BCEEE1CD}.Release|Any CPU.ActiveCfg = Release|Any CPU
		{B3DB1C16-D85E-458B-9F95-2944BCEEE1CD}.Release|Any CPU.Build.0 = Release|Any CPU
	EndGlobalSection
	GlobalSection(SolutionProperties) = preSolution
		HideSolutionNode = FALSE
	EndGlobalSection
	GlobalSection(ExtensibilityGlobals) = postSolution
		SolutionGuid = {3BD1A75C-485C-4217-850F-C700A6EE3BD8}
	EndGlobalSection
EndGlobal
